
Microsoft Visual Studio Solution File, Format Version 12.00
# Visual Studio 15
VisualStudioVersion = 15.0.27130.2024
MinimumVisualStudioVersion = 10.0.40219.1
Project("{9A19103F-16F7-4668-BE54-9A1E7A4F7556}") = "xia", "xia\xia.csproj", "{E609C358-76E6-41B4-8E6A-ADAEF6BF60AA}"
EndProject
Project("{9A19103F-16F7-4668-BE54-9A1E7A4F7556}") = "xia.DAL", "xia.DAL\xia.DAL.csproj", "{E7A34BFF-E3A1-41A1-953B-5E7562946C26}"
EndProject
Project("{9A19103F-16F7-4668-BE54-9A1E7A4F7556}") = "xia.Services", "xia.Services\xia.Services.csproj", "{F324A9B5-D891-4663-905B-0C2CD6986B12}"
	ProjectSection(ProjectDependencies) = postProject
		{E7A34BFF-E3A1-41A1-953B-5E7562946C26} = {E7A34BFF-E3A1-41A1-953B-5E7562946C26}
	EndProjectSection
EndProject
Global
	GlobalSection(SolutionConfigurationPlatforms) = preSolution
		Debug|Any CPU = Debug|Any CPU
		Release|Any CPU = Release|Any CPU
	EndGlobalSection
	GlobalSection(ProjectConfigurationPlatforms) = postSolution
		{E609C358-76E6-41B4-8E6A-ADAEF6BF60AA}.Debug|Any CPU.ActiveCfg = Debug|Any CPU
		{E609C358-76E6-41B4-8E6A-ADAEF6BF60AA}.Debug|Any CPU.Build.0 = Debug|Any CPU
		{E609C358-76E6-41B4-8E6A-ADAEF6BF60AA}.Release|Any CPU.ActiveCfg = Release|Any CPU
		{E609C358-76E6-41B4-8E6A-ADAEF6BF60AA}.Release|Any CPU.Build.0 = Release|Any CPU
		{E7A34BFF-E3A1-41A1-953B-5E7562946C26}.Debug|Any CPU.ActiveCfg = Debug|Any CPU
		{E7A34BFF-E3A1-41A1-953B-5E7562946C26}.Debug|Any CPU.Build.0 = Debug|Any CPU
		{E7A34BFF-E3A1-41A1-953B-5E7562946C26}.Release|Any CPU.ActiveCfg = Release|Any CPU
		{E7A34BFF-E3A1-41A1-953B-5E7562946C26}.Release|Any CPU.Build.0 = Release|Any CPU
		{F324A9B5-D891-4663-905B-0C2CD6986B12}.Debug|Any CPU.ActiveCfg = Debug|Any CPU
		{F324A9B5-D891-4663-905B-0C2CD6986B12}.Debug|Any CPU.Build.0 = Debug|Any CPU
		{F324A9B5-D891-4663-905B-0C2CD6986B12}.Release|Any CPU.ActiveCfg = Release|Any CPU
		{F324A9B5-D891-4663-905B-0C2CD6986B12}.Release|Any CPU.Build.0 = Release|Any CPU
	EndGlobalSection
	GlobalSection(SolutionProperties) = preSolution
		HideSolutionNode = FALSE
	EndGlobalSection
	GlobalSection(ExtensibilityGlobals) = postSolution
		SolutionGuid = {DC987308-C4B2-4BCD-ABE7-A5D45742CE7C}
	EndGlobalSection
EndGlobal
